
Microsoft Visual Studio Solution File, Format Version 12.00
# Visual Studio 2012
Project("{FAE04EC0-301F-11D3-BF4B-00C04F79EFBC}") = "AudioRecorder", "AudioRecorder\AudioRecorder.csproj", "{F17F8462-8E91-4F99-97C1-3F24EB9EB1E2}"
EndProject
Global
	GlobalSection(SolutionConfigurationPlatforms) = preSolution
		Debug|x86 = Debug|x86
		Release|x86 = Release|x86
	EndGlobalSection
	GlobalSection(ProjectConfigurationPlatforms) = postSolution
		{F17F8462-8E91-4F99-97C1-3F24EB9EB1E2}.Debug|x86.ActiveCfg = Debug|x86
		{F17F8462-8E91-4F99-97C1-3F24EB9EB1E2}.Debug|x86.Build.0 = Debug|x86
		{F17F8462-8E91-4F99-97C1-3F24EB9EB1E2}.Release|x86.ActiveCfg = Release|x86
		{F17F8462-8E91-4F99-97C1-3F24EB9EB1E2}.Release|x86.Build.0 = Release|x86
	EndGlobalSection
EndGlobal
